
Microsoft Visual Studio Solution File, Format Version 12.00
# Visual Studio Version 17
VisualStudioVersion = 17.6.33829.357
MinimumVisualStudioVersion = 10.0.40219.1
Project("{9A19103F-16F7-4668-BE54-9A1E7A4F7556}") = "SaveMyRPGClient", "SaveMyRPGClient.csproj", "{7C788547-4909-4AEA-9531-761C2E879B32}"
EndProject
Project("{FAE04EC0-301F-11D3-BF4B-00C04F79EFBC}") = "SaveMyRPGClientTests", "..\SaveMyRPGClientTests\SaveMyRPGClientTests.csproj", "{B9CF98CA-A0CB-42AA-888B-64DF591EE2D7}"
EndProject
Global
	GlobalSection(SolutionConfigurationPlatforms) = preSolution
		Debug|Any CPU = Debug|Any CPU
		Release|Any CPU = Release|Any CPU
	EndGlobalSection
	GlobalSection(ProjectConfigurationPlatforms) = postSolution
		{7C788547-4909-4AEA-9531-761C2E879B32}.Debug|Any CPU.ActiveCfg = Debug|Any CPU
		{7C788547-4909-4AEA-9531-761C2E879B32}.Debug|Any CPU.Build.0 = Debug|Any CPU
		{7C788547-4909-4AEA-9531-761C2E879B32}.Release|Any CPU.ActiveCfg = Release|Any CPU
		{7C788547-4909-4AEA-9531-761C2E879B32}.Release|Any CPU.Build.0 = Release|Any CPU
		{B9CF98CA-A0CB-42AA-888B-64DF591EE2D7}.Debug|Any CPU.ActiveCfg = Debug|Any CPU
		{B9CF98CA-A0CB-42AA-888B-64DF591EE2D7}.Debug|Any CPU.Build.0 = Debug|Any CPU
		{B9CF98CA-A0CB-42AA-888B-64DF591EE2D7}.Release|Any CPU.ActiveCfg = Release|Any CPU
		{B9CF98CA-A0CB-42AA-888B-64DF591EE2D7}.Release|Any CPU.Build.0 = Release|Any CPU
	EndGlobalSection
	GlobalSection(SolutionProperties) = preSolution
		HideSolutionNode = FALSE
	EndGlobalSection
	GlobalSection(ExtensibilityGlobals) = postSolution
		SolutionGuid = {AC52092D-D5E1-4E86-A46A-27CEC29E3F6C}
	EndGlobalSection
EndGlobal
